
Microsoft Visual Studio Solution File, Format Version 12.00
# Visual Studio Version 17
VisualStudioVersion = 17.14.36811.4 d17.14
MinimumVisualStudioVersion = 10.0.40219.1
Project("{FAE04EC0-301F-11D3-BF4B-00C04F79EFBC}") = "CoinbaseFake", "CoinbaseFake\CoinbaseFake.csproj", "{CAF02DF7-6149-4322-BCB0-A3A96841409B}"
EndProject
Project("{2150E333-8FDC-42A3-9474-1A3956D46DE8}") = "Resourses", "Resourses", "{36D591C7-65C7-A0D1-1CBC-10CDE441BDC8}"
EndProject
Global
	GlobalSection(SolutionConfigurationPlatforms) = preSolution
		Debug|Any CPU = Debug|Any CPU
		Release|Any CPU = Release|Any CPU
	EndGlobalSection
	GlobalSection(ProjectConfigurationPlatforms) = postSolution
		{CAF02DF7-6149-4322-BCB0-A3A96841409B}.Debug|Any CPU.ActiveCfg = Debug|Any CPU
		{CAF02DF7-6149-4322-BCB0-A3A96841409B}.Debug|Any CPU.Build.0 = Debug|Any CPU
		{CAF02DF7-6149-4322-BCB0-A3A96841409B}.Release|Any CPU.ActiveCfg = Release|Any CPU
		{CAF02DF7-6149-4322-BCB0-A3A96841409B}.Release|Any CPU.Build.0 = Release|Any CPU
	EndGlobalSection
	GlobalSection(SolutionProperties) = preSolution
		HideSolutionNode = FALSE
	EndGlobalSection
	GlobalSection(NestedProjects) = preSolution
		{CAF02DF7-6149-4322-BCB0-A3A96841409B} = {36D591C7-65C7-A0D1-1CBC-10CDE441BDC8}
	EndGlobalSection
	GlobalSection(ExtensibilityGlobals) = postSolution
		SolutionGuid = {CF57D654-5639-454C-ABF8-BBE30FF614DC}
	EndGlobalSection
EndGlobal
